lockfileVersion: '9.0'

settings:
  autoInstallPeers: true
  excludeLinksFromLockfile: false

importers:

  .:
    dependencies:
      '@hono/node-server':
        specifier: ^2.1.1
        version: 2.1.1(hono@4.13.9)
      hono:
        specifier: ^4.13.9
        version: 4.13.9
      undici:
        specifier: ^8.11.2
        version: 8.11.2

packages:

  '@hono/node-server@2.1.1':
    resolution: {integrity: sha512-ELuehkj5VCBdgEw9zs+ivkKwyzzUCSQuE96YmiPvn1ECBoZCczbFXJLeEGMTYjphP6gydh4pHMqEYPVMYUVgQg==}
    engines: {node: '>=20'}
    peerDependencies:
      hono: ^4

  hono@4.13.9:
    resolution: {integrity: sha512-7dMkQmZoC4E6F7AtaQSPhlWAdnBti+j7rreMZl8QB4jFiEhP9TWbGWUMi8WYzBCgmgulxuvLQupKqo+Co6Omyg==}
    engines: {node: '>=16.9.0'}

  undici@8.11.2:
    resolution: {integrity: sha512-u4UB2/IrKdU6lFxumHmmo1a3fCQO5tzQllRorfoRS63txhrB7xTpSn1PftwC4qEHkOaqP95fCWW4lJzwErwzhQ==}
    engines: {node: '>=22.19.0'}

snapshots:

  '@hono/node-server@2.1.1(hono@4.13.9)':
    dependencies:
      hono: 4.13.9

  hono@4.13.9: {}

  undici@8.11.2: {}
